{
  "version": 4,
  "terraform_version": "1.11.0",
  "serial": 6,
  "lineage": "29884b4c-49f2-ee05-56a5-3dd317d6e4f4",
  "outputs": {},
  "resources": [
    {
      "mode": "managed",
      "type": "aws_key_pair",
      "name": "nginx_server_ssh_key",
      "provider": "provider[\"registry.terraform.io/hashicorp/aws\"]",
      "instances": [
        {
          "schema_version": 1,
          "attributes": {
            "arn": "arn:aws:ec2:us-east-1:891377151585:key-pair/nginx_server_ssh_key",
            "fingerprint": "ed:ac:9c:cd:cd:62:3d:6d:17:71:41:4b:4b:c7:a4:d4",
            "id": "nginx_server_ssh_key",
            "key_name": "nginx_server_ssh_key",
            "key_name_prefix": "",
            "key_pair_id": "key-0855b3be815f784f6",
            "key_type": "rsa",
            "public_key": "ssh-rsa AAAAB3NzaC1yc2EAAAADAQABAAABgQDNTdf7prSFRhxB0mhuEPi8C7flsXsStvz9yzgq7v+qdlublkvJ6JaVqq/ZOiB964mIX6UK+MN4ZNlztWsZIkae4NPLqulhNIQTVWs3gYzimuuL7w5tKt1RZxFqQT8c0Q5vIr7u6rPvYMsGFT48kbVOX99ZhiDPuVJWKIcL6XXHs+UjTN9sdQRj8emQWtSvUX2XvNVQbRe0ipq4JgB4kgFcprSY35irgSNrRQUFP55fiTCHWUaibmzsKcwiitV2hIUrf454NEDAiQSr/zhO1M04c//hMtfhKzxzBfVEq5HruL3K3nM2aK8UUQ9yEWoo52tvB9eUZE8ZKd2pPI4SOLz+FYOhFDCFWMbRSsgQxXXw81og/9vOyZij5a/RBRleT/pokBD8r3igYnSfnnQpq/kDMJ0eNRQJVarXkJ7jN1BeZINqom1nwtk5k4BEZuwLGVp4R5BNxbXeGxUNhrGCaxeNZluCcv1GPsaxzuuQOjelKtu+/XXVRLyty0BvUi+0sFs= kenji@YB-LT2334",
            "tags": {},
            "tags_all": {}
          },
          "sensitive_attributes": [],
          "private": "eyJzY2hlbWFfdmVyc2lvbiI6IjEifQ=="
        }
      ]
    },
    {
      "mode": "managed",
      "type": "aws_route53_zone",
      "name": "nginx_zone",
      "provider": "provider[\"registry.terraform.io/hashicorp/aws\"]",
      "instances": [
        {
          "schema_version": 0,
          "attributes": {
            "arn": "arn:aws:route53:::hostedzone/Z00249111JPKJMUJ7DRC6",
            "comment": "Managed by Terraform",
            "delegation_set_id": "",
            "force_destroy": false,
            "id": "Z00249111JPKJMUJ7DRC6",
            "name": "nginxasb.com",
            "name_servers": [
              "ns-1319.awsdns-36.org",
              "ns-144.awsdns-18.com",
              "ns-1902.awsdns-45.co.uk",
              "ns-992.awsdns-60.net"
            ],
            "primary_name_server": "ns-144.awsdns-18.com",
            "tags": {},
            "tags_all": {},
            "vpc": [],
            "zone_id": "Z00249111JPKJMUJ7DRC6"
          },
          "sensitive_attributes": [],
          "private": "bnVsbA=="
        }
      ]
    },
    {
      "mode": "managed",
      "type": "aws_security_group",
      "name": "nginx_sg",
      "provider": "provider[\"registry.terraform.io/hashicorp/aws\"]",
      "instances": [
        {
          "schema_version": 1,
          "attributes": {
            "arn": "arn:aws:ec2:us-east-1:891377151585:security-group/sg-0b836070ad9751d0e",
            "description": "Allow SSH, HTTP, and HTTPS access",
            "egress": [
              {
                "cidr_blocks": [
                  "0.0.0.0/0"
                ],
                "description": "",
                "from_port": 0,
                "ipv6_cidr_blocks": [],
                "prefix_list_ids": [],
                "protocol": "-1",
                "security_groups": [],
                "self": false,
                "to_port": 0
              }
            ],
            "id": "sg-0b836070ad9751d0e",
            "ingress": [
              {
                "cidr_blocks": [
                  "0.0.0.0/0"
                ],
                "description": "",
                "from_port": 22,
                "ipv6_cidr_blocks": [],
                "prefix_list_ids": [],
                "protocol": "tcp",
                "security_groups": [],
                "self": false,
                "to_port": 22
              },
              {
                "cidr_blocks": [
                  "0.0.0.0/0"
                ],
                "description": "",
                "from_port": 443,
                "ipv6_cidr_blocks": [],
                "prefix_list_ids": [],
                "protocol": "tcp",
                "security_groups": [],
                "self": false,
                "to_port": 443
              }
            ],
            "name": "nginx_sg",
            "name_prefix": "",
            "owner_id": "891377151585",
            "revoke_rules_on_delete": false,
            "tags": {},
            "tags_all": {},
            "timeouts": null,
            "vpc_id": "vpc-08485723e7ba3e337"
          },
          "sensitive_attributes": [],
          "private": "eyJlMmJmYjczMC1lY2FhLTExZTYtOGY4OC0zNDM2M2JjN2M0YzAiOnsiY3JlYXRlIjo2MDAwMDAwMDAwMDAsImRlbGV0ZSI6OTAwMDAwMDAwMDAwfSwic2NoZW1hX3ZlcnNpb24iOiIxIn0="
        }
      ]
    }
  ],
  "check_results": null
}
