{
  "version": 4,
  "terraform_version": "1.11.0",
  "serial": 34,
  "lineage": "29884b4c-49f2-ee05-56a5-3dd317d6e4f4",
  "outputs": {
    "instance_public_ip": {
      "value": "3.212.136.232",
      "type": "string"
    }
  },
  "resources": [
    {
      "mode": "managed",
      "type": "aws_eip",
      "name": "nginx_eip",
      "provider": "provider[\"registry.terraform.io/hashicorp/aws\"]",
      "instances": [
        {
          "schema_version": 0,
          "attributes": {
            "address": null,
            "allocation_id": "eipalloc-0a9a5e0846f55240e",
            "arn": "arn:aws:ec2:us-east-1:891377151585:elastic-ip/eipalloc-0a9a5e0846f55240e",
            "associate_with_private_ip": null,
            "association_id": "eipassoc-0ba91306a19ed9cf1",
            "carrier_ip": "",
            "customer_owned_ip": "",
            "customer_owned_ipv4_pool": "",
            "domain": "vpc",
            "id": "eipalloc-0a9a5e0846f55240e",
            "instance": "i-0be5c5d42c9a57faf",
            "ipam_pool_id": null,
            "network_border_group": "us-east-1",
            "network_interface": "eni-081f8b02f93685465",
            "private_dns": "ip-172-31-92-53.ec2.internal",
            "private_ip": "172.31.92.53",
            "ptr_record": "",
            "public_dns": "ec2-3-212-136-232.compute-1.amazonaws.com",
            "public_ip": "3.212.136.232",
            "public_ipv4_pool": "amazon",
            "tags": {},
            "tags_all": {},
            "timeouts": null,
            "vpc": true
          },
          "sensitive_attributes": [],
          "private": "eyJlMmJmYjczMC1lY2FhLTExZTYtOGY4OC0zNDM2M2JjN2M0YzAiOnsiZGVsZXRlIjoxODAwMDAwMDAwMDAsInJlYWQiOjkwMDAwMDAwMDAwMCwidXBkYXRlIjozMDAwMDAwMDAwMDB9fQ==",
          "dependencies": [
            "aws_instance.nginx_server",
            "aws_security_group.nginx_sg"
          ]
        }
      ]
    },
    {
      "mode": "managed",
      "type": "aws_instance",
      "name": "nginx_server",
      "provider": "provider[\"registry.terraform.io/hashicorp/aws\"]",
      "instances": [
        {
          "schema_version": 1,
          "attributes": {
            "ami": "ami-04b4f1a9cf54c11d0",
            "arn": "arn:aws:ec2:us-east-1:891377151585:instance/i-0be5c5d42c9a57faf",
            "associate_public_ip_address": true,
            "availability_zone": "us-east-1d",
            "capacity_reservation_specification": [
              {
                "capacity_reservation_preference": "open",
                "capacity_reservation_target": []
              }
            ],
            "cpu_core_count": 1,
            "cpu_options": [
              {
                "amd_sev_snp": "",
                "core_count": 1,
                "threads_per_core": 1
              }
            ],
            "cpu_threads_per_core": 1,
            "credit_specification": [
              {
                "cpu_credits": "standard"
              }
            ],
            "disable_api_stop": false,
            "disable_api_termination": false,
            "ebs_block_device": [],
            "ebs_optimized": false,
            "enable_primary_ipv6": null,
            "enclave_options": [
              {
                "enabled": false
              }
            ],
            "ephemeral_block_device": [],
            "get_password_data": false,
            "hibernation": false,
            "host_id": "",
            "host_resource_group_arn": null,
            "iam_instance_profile": "",
            "id": "i-0be5c5d42c9a57faf",
            "instance_initiated_shutdown_behavior": "stop",
            "instance_lifecycle": "",
            "instance_market_options": [],
            "instance_state": "running",
            "instance_type": "t2.micro",
            "ipv6_address_count": 0,
            "ipv6_addresses": [],
            "key_name": "nginx_server_ssh_key",
            "launch_template": [],
            "maintenance_options": [
              {
                "auto_recovery": "default"
              }
            ],
            "metadata_options": [
              {
                "http_endpoint": "enabled",
                "http_protocol_ipv6": "disabled",
                "http_put_response_hop_limit": 2,
                "http_tokens": "required",
                "instance_metadata_tags": "disabled"
              }
            ],
            "monitoring": false,
            "network_interface": [],
            "outpost_arn": "",
            "password_data": "",
            "placement_group": "",
            "placement_partition_number": 0,
            "primary_network_interface_id": "eni-081f8b02f93685465",
            "private_dns": "ip-172-31-92-53.ec2.internal",
            "private_dns_name_options": [
              {
                "enable_resource_name_dns_a_record": false,
                "enable_resource_name_dns_aaaa_record": false,
                "hostname_type": "ip-name"
              }
            ],
            "private_ip": "172.31.92.53",
            "public_dns": "ec2-3-212-136-232.compute-1.amazonaws.com",
            "public_ip": "3.212.136.232",
            "root_block_device": [
              {
                "delete_on_termination": true,
                "device_name": "/dev/sda1",
                "encrypted": false,
                "iops": 3000,
                "kms_key_id": "",
                "tags": {},
                "tags_all": {},
                "throughput": 125,
                "volume_id": "vol-0368c2eafc088b539",
                "volume_size": 8,
                "volume_type": "gp3"
              }
            ],
            "secondary_private_ips": [],
            "security_groups": [
              "nginx_sg"
            ],
            "source_dest_check": true,
            "spot_instance_request_id": "",
            "subnet_id": "subnet-0f0d0726f76aa2449",
            "tags": {
              "Name": "nginx_server_ec2"
            },
            "tags_all": {
              "Name": "nginx_server_ec2"
            },
            "tenancy": "default",
            "timeouts": null,
            "user_data": null,
            "user_data_base64": null,
            "user_data_replace_on_change": false,
            "volume_tags": null,
            "vpc_security_group_ids": [
              "sg-0b836070ad9751d0e"
            ]
          },
          "sensitive_attributes": [],
          "private": "eyJlMmJmYjczMC1lY2FhLTExZTYtOGY4OC0zNDM2M2JjN2M0YzAiOnsiY3JlYXRlIjo2MDAwMDAwMDAwMDAsImRlbGV0ZSI6MTIwMDAwMDAwMDAwMCwicmVhZCI6OTAwMDAwMDAwMDAwLCJ1cGRhdGUiOjYwMDAwMDAwMDAwMH0sInNjaGVtYV92ZXJzaW9uIjoiMSJ9",
          "dependencies": [
            "aws_security_group.nginx_sg"
          ]
        }
      ]
    },
    {
      "mode": "managed",
      "type": "aws_key_pair",
      "name": "nginx_server_ssh_key",
      "provider": "provider[\"registry.terraform.io/hashicorp/aws\"]",
      "instances": [
        {
          "schema_version": 1,
          "attributes": {
            "arn": "arn:aws:ec2:us-east-1:891377151585:key-pair/nginx_server_ssh_key",
            "fingerprint": "ed:ac:9c:cd:cd:62:3d:6d:17:71:41:4b:4b:c7:a4:d4",
            "id": "nginx_server_ssh_key",
            "key_name": "nginx_server_ssh_key",
            "key_name_prefix": "",
            "key_pair_id": "key-0855b3be815f784f6",
            "key_type": "rsa",
            "public_key": "ssh-rsa AAAAB3NzaC1yc2EAAAADAQABAAABgQDNTdf7prSFRhxB0mhuEPi8C7flsXsStvz9yzgq7v+qdlublkvJ6JaVqq/ZOiB964mIX6UK+MN4ZNlztWsZIkae4NPLqulhNIQTVWs3gYzimuuL7w5tKt1RZxFqQT8c0Q5vIr7u6rPvYMsGFT48kbVOX99ZhiDPuVJWKIcL6XXHs+UjTN9sdQRj8emQWtSvUX2XvNVQbRe0ipq4JgB4kgFcprSY35irgSNrRQUFP55fiTCHWUaibmzsKcwiitV2hIUrf454NEDAiQSr/zhO1M04c//hMtfhKzxzBfVEq5HruL3K3nM2aK8UUQ9yEWoo52tvB9eUZE8ZKd2pPI4SOLz+FYOhFDCFWMbRSsgQxXXw81og/9vOyZij5a/RBRleT/pokBD8r3igYnSfnnQpq/kDMJ0eNRQJVarXkJ7jN1BeZINqom1nwtk5k4BEZuwLGVp4R5BNxbXeGxUNhrGCaxeNZluCcv1GPsaxzuuQOjelKtu+/XXVRLyty0BvUi+0sFs= kenji@YB-LT2334",
            "tags": {},
            "tags_all": {}
          },
          "sensitive_attributes": [],
          "private": "eyJzY2hlbWFfdmVyc2lvbiI6IjEifQ=="
        }
      ]
    },
    {
      "mode": "managed",
      "type": "aws_route53_record",
      "name": "nginx_dns",
      "provider": "provider[\"registry.terraform.io/hashicorp/aws\"]",
      "instances": [
        {
          "schema_version": 2,
          "attributes": {
            "alias": [],
            "allow_overwrite": null,
            "cidr_routing_policy": [],
            "failover_routing_policy": [],
            "fqdn": "nginx.kenjiasb.com",
            "geolocation_routing_policy": [],
            "geoproximity_routing_policy": [],
            "health_check_id": "",
            "id": "Z07455592DIF4HWKURL29_nginx.kenjiasb.com_A",
            "latency_routing_policy": [],
            "multivalue_answer_routing_policy": false,
            "name": "nginx.kenjiasb.com",
            "records": [
              "3.212.136.232"
            ],
            "set_identifier": "",
            "ttl": 300,
            "type": "A",
            "weighted_routing_policy": [],
            "zone_id": "Z07455592DIF4HWKURL29"
          },
          "sensitive_attributes": [],
          "private": "eyJzY2hlbWFfdmVyc2lvbiI6IjIifQ==",
          "dependencies": [
            "aws_eip.nginx_eip",
            "aws_instance.nginx_server",
            "aws_route53_zone.nginx_zone",
            "aws_security_group.nginx_sg"
          ]
        }
      ]
    },
    {
      "mode": "managed",
      "type": "aws_route53_zone",
      "name": "nginx_zone",
      "provider": "provider[\"registry.terraform.io/hashicorp/aws\"]",
      "instances": [
        {
          "schema_version": 0,
          "attributes": {
            "arn": "arn:aws:route53:::hostedzone/Z07455592DIF4HWKURL29",
            "comment": "Managed by Terraform",
            "delegation_set_id": "",
            "force_destroy": false,
            "id": "Z07455592DIF4HWKURL29",
            "name": "kenjiasb.com",
            "name_servers": [
              "ns-1253.awsdns-28.org",
              "ns-1584.awsdns-06.co.uk",
              "ns-190.awsdns-23.com",
              "ns-696.awsdns-23.net"
            ],
            "primary_name_server": "ns-696.awsdns-23.net",
            "tags": null,
            "tags_all": {},
            "vpc": [],
            "zone_id": "Z07455592DIF4HWKURL29"
          },
          "sensitive_attributes": [],
          "private": "bnVsbA=="
        }
      ]
    },
    {
      "mode": "managed",
      "type": "aws_security_group",
      "name": "nginx_sg",
      "provider": "provider[\"registry.terraform.io/hashicorp/aws\"]",
      "instances": [
        {
          "schema_version": 1,
          "attributes": {
            "arn": "arn:aws:ec2:us-east-1:891377151585:security-group/sg-0b836070ad9751d0e",
            "description": "Allow SSH, HTTP, and HTTPS access",
            "egress": [
              {
                "cidr_blocks": [
                  "0.0.0.0/0"
                ],
                "description": "",
                "from_port": 0,
                "ipv6_cidr_blocks": [],
                "prefix_list_ids": [],
                "protocol": "-1",
                "security_groups": [],
                "self": false,
                "to_port": 0
              }
            ],
            "id": "sg-0b836070ad9751d0e",
            "ingress": [
              {
                "cidr_blocks": [
                  "0.0.0.0/0"
                ],
                "description": "",
                "from_port": 80,
                "ipv6_cidr_blocks": [],
                "prefix_list_ids": [],
                "protocol": "tcp",
                "security_groups": [],
                "self": false,
                "to_port": 80
              },
              {
                "cidr_blocks": [
                  "0.0.0.0/0"
                ],
                "description": null,
                "from_port": 22,
                "ipv6_cidr_blocks": [],
                "prefix_list_ids": [],
                "protocol": "tcp",
                "security_groups": [],
                "self": false,
                "to_port": 22
              }
            ],
            "name": "nginx_sg",
            "name_prefix": "",
            "owner_id": "891377151585",
            "revoke_rules_on_delete": false,
            "tags": {},
            "tags_all": {},
            "timeouts": null,
            "vpc_id": "vpc-08485723e7ba3e337"
          },
          "sensitive_attributes": [],
          "private": "eyJlMmJmYjczMC1lY2FhLTExZTYtOGY4OC0zNDM2M2JjN2M0YzAiOnsiY3JlYXRlIjo2MDAwMDAwMDAwMDAsImRlbGV0ZSI6OTAwMDAwMDAwMDAwfSwic2NoZW1hX3ZlcnNpb24iOiIxIn0="
        }
      ]
    }
  ],
  "check_results": null
}
